Microsoft Visual Studio Solution File, Format Version 12.00
# Visual Studio Version 17
VisualStudioVersion = 17.5.2.0
MinimumVisualStudioVersion = 10.0.40219.1
Project("{FAE04EC0-301F-11D3-BF4B-00C04F79EFBC}") = "CazuelaBackend", "CazuelaBackend.csproj", "{C9B211E8-9CF5-72B1-A82E-44212D201630}"
EndProject
Global
	GlobalSection(SolutionConfigurationPlatforms) = preSolution
		Debug|Any CPU = Debug|Any CPU
		Release|Any CPU = Release|Any CPU
	EndGlobalSection
	GlobalSection(ProjectConfigurationPlatforms) = postSolution
		{C9B211E8-9CF5-72B1-A82E-44212D201630}.Debug|Any CPU.ActiveCfg = Debug|Any CPU
		{C9B211E8-9CF5-72B1-A82E-44212D201630}.Debug|Any CPU.Build.0 = Debug|Any CPU
		{C9B211E8-9CF5-72B1-A82E-44212D201630}.Release|Any CPU.ActiveCfg = Release|Any CPU
		{C9B211E8-9CF5-72B1-A82E-44212D201630}.Release|Any CPU.Build.0 = Release|Any CPU
	EndGlobalSection
	GlobalSection(SolutionProperties) = preSolution
		HideSolutionNode = FALSE
	EndGlobalSection
	GlobalSection(ExtensibilityGlobals) = postSolution
		SolutionGuid = {5B6822B0-6761-4E19-AD4E-7F8EB34E5EE9}
	EndGlobalSection
EndGlobal
